
Microsoft Visual Studio Solution File, Format Version 12.00
# Visual Studio Version 17
VisualStudioVersion = 17.8.34525.116
MinimumVisualStudioVersion = 10.0.40219.1
Project("{FAE04EC0-301F-11D3-BF4B-00C04F79EFBC}") = "WebApp3byPrameshwor", "WebApp3byPrameshwor.csproj", "{5A75A218-1A63-4F66-AA32-852634C833BA}"
EndProject
Global
	GlobalSection(SolutionConfigurationPlatforms) = preSolution
		Debug|Any CPU = Debug|Any CPU
		Release|Any CPU = Release|Any CPU
	EndGlobalSection
	GlobalSection(ProjectConfigurationPlatforms) = postSolution
		{5A75A218-1A63-4F66-AA32-852634C833BA}.Debug|Any CPU.ActiveCfg = Debug|Any CPU
		{5A75A218-1A63-4F66-AA32-852634C833BA}.Debug|Any CPU.Build.0 = Debug|Any CPU
		{5A75A218-1A63-4F66-AA32-852634C833BA}.Release|Any CPU.ActiveCfg = Release|Any CPU
		{5A75A218-1A63-4F66-AA32-852634C833BA}.Release|Any CPU.Build.0 = Release|Any CPU
	EndGlobalSection
	GlobalSection(SolutionProperties) = preSolution
		HideSolutionNode = FALSE
	EndGlobalSection
	GlobalSection(ExtensibilityGlobals) = postSolution
		SolutionGuid = {CDDFEE36-8697-4A3E-915F-1B4E59251EFF}
	EndGlobalSection
EndGlobal
