
Microsoft Visual Studio Solution File, Format Version 12.00
# Visual Studio Version 17
VisualStudioVersion = 17.8.34525.116
MinimumVisualStudioVersion = 10.0.40219.1
Project("{FAE04EC0-301F-11D3-BF4B-00C04F79EFBC}") = "WebApp4ByPrameshwor", "WebApp4ByPrameshwor.csproj", "{607D61A0-91BD-4D7A-BEAB-9DD4C2D7AE7D}"
EndProject
Global
	GlobalSection(SolutionConfigurationPlatforms) = preSolution
		Debug|Any CPU = Debug|Any CPU
		Release|Any CPU = Release|Any CPU
	EndGlobalSection
	GlobalSection(ProjectConfigurationPlatforms) = postSolution
		{607D61A0-91BD-4D7A-BEAB-9DD4C2D7AE7D}.Debug|Any CPU.ActiveCfg = Debug|Any CPU
		{607D61A0-91BD-4D7A-BEAB-9DD4C2D7AE7D}.Debug|Any CPU.Build.0 = Debug|Any CPU
		{607D61A0-91BD-4D7A-BEAB-9DD4C2D7AE7D}.Release|Any CPU.ActiveCfg = Release|Any CPU
		{607D61A0-91BD-4D7A-BEAB-9DD4C2D7AE7D}.Release|Any CPU.Build.0 = Release|Any CPU
	EndGlobalSection
	GlobalSection(SolutionProperties) = preSolution
		HideSolutionNode = FALSE
	EndGlobalSection
	GlobalSection(ExtensibilityGlobals) = postSolution
		SolutionGuid = {64ECEEC3-04A4-4E8F-A45D-86420196C1AD}
	EndGlobalSection
EndGlobal
